{
    "_readme": [
        "This file locks the dependencies of your project to a known state",
        "Read more about it at https://getcomposer.org/doc/01-basic-usage.md#installing-dependencies",
        "This file is @generated automatically"
    ],
    "content-hash": "245c7805dcab27570319d5f6c7377fb8",
    "packages": [
        {
            "name": "rajandangi/wp-gh-release-updater",
            "version": "v1.3.0",
            "source": {
                "type": "git",
                "url": "https://github.com/rajandangi/wp-gh-release-updater.git",
                "reference": "14f99385932e87e0c376abec0f785b404f46d6aa"
            },
            "dist": {
                "type": "zip",
                "url": "https://api.github.com/repos/rajandangi/wp-gh-release-updater/zipball/14f99385932e87e0c376abec0f785b404f46d6aa",
                "reference": "14f99385932e87e0c376abec0f785b404f46d6aa",
                "shasum": ""
            },
            "require": {
                "php": ">=8.3"
            },
            "require-dev": {
                "phpcsstandards/phpcsutils": "^1.0",
                "phpstan/extension-installer": "^1.3",
                "phpstan/phpstan": "^1.10",
                "phpunit/phpunit": "^9.0",
                "rector/rector": "^1.0",
                "squizlabs/php_codesniffer": "^3.7",
                "szepeviktor/phpstan-wordpress": "^1.3",
                "wp-coding-standards/wpcs": "^3.0"
            },
            "type": "library",
            "autoload": {
                "psr-4": {
                    "WPGitHubReleaseUpdater\\": "src/"
                }
            },
            "notification-url": "https://packagist.org/downloads/",
            "license": [
                "GPL-2.0-or-later"
            ],
            "authors": [
                {
                    "name": "Rajan Dangi",
                    "email": "contact@rajandangi.com.np",
                    "homepage": "https://github.com/rajandangi"
                }
            ],
            "description": "A self-contained, zero-configuration GitHub Release Updater Manager for WordPress plugins",
            "homepage": "https://github.com/rajandangi/wp-gh-release-updater",
            "keywords": [
                "auto-update",
                "composer",
                "github",
                "plugin",
                "release",
                "updater",
                "wordpress"
            ],
            "support": {
                "issues": "https://github.com/rajandangi/wp-gh-release-updater/issues",
                "source": "https://github.com/rajandangi/wp-gh-release-updater"
            },
            "time": "2025-11-17T11:56:32+00:00"
        }
    ],
    "packages-dev": [],
    "aliases": [],
    "minimum-stability": "stable",
    "stability-flags": {},
    "prefer-stable": false,
    "prefer-lowest": false,
    "platform": {},
    "platform-dev": {},
    "plugin-api-version": "2.6.0"
}
